
Microsoft Visual Studio Solution File, Format Version 12.00
# Visual Studio Version 17
VisualStudioVersion = 17.3.32901.215
MinimumVisualStudioVersion = 10.0.40219.1
Project("{FAE04EC0-301F-11D3-BF4B-00C04F79EFBC}") = "backend", "backend.csproj", "{6F58F438-2C8C-4E4E-BC12-BD48D6D90310}"
EndProject
Global
	GlobalSection(SolutionConfigurationPlatforms) = preSolution
		Debug|Any CPU = Debug|Any CPU
		Release|Any CPU = Release|Any CPU
	EndGlobalSection
	GlobalSection(ProjectConfigurationPlatforms) = postSolution
		{6F58F438-2C8C-4E4E-BC12-BD48D6D90310}.Debug|Any CPU.ActiveCfg = Debug|Any CPU
		{6F58F438-2C8C-4E4E-BC12-BD48D6D90310}.Debug|Any CPU.Build.0 = Debug|Any CPU
		{6F58F438-2C8C-4E4E-BC12-BD48D6D90310}.Release|Any CPU.ActiveCfg = Release|Any CPU
		{6F58F438-2C8C-4E4E-BC12-BD48D6D90310}.Release|Any CPU.Build.0 = Release|Any CPU
	EndGlobalSection
	GlobalSection(SolutionProperties) = preSolution
		HideSolutionNode = FALSE
	EndGlobalSection
	GlobalSection(ExtensibilityGlobals) = postSolution
		SolutionGuid = {051323AE-1851-400B-B379-2E6EC46C5D63}
	EndGlobalSection
EndGlobal
